
Microsoft Visual Studio Solution File, Format Version 10.00
# Visual Studio 2008
Project("{FAE04EC0-301F-11D3-BF4B-00C04F79EFBC}") = "mediaplayer", "mediaplayer\mediaplayer.csproj", "{31255575-3BD1-41D3-BF9F-71942961BBC0}"
EndProject
Global
	GlobalSection(SolutionConfigurationPlatforms) = preSolution
		Debug|Any CPU = Debug|Any CPU
		Release|Any CPU = Release|Any CPU
	EndGlobalSection
	GlobalSection(ProjectConfigurationPlatforms) = postSolution
		{31255575-3BD1-41D3-BF9F-71942961BBC0}.Debug|Any CPU.ActiveCfg = Debug|Any CPU
		{31255575-3BD1-41D3-BF9F-71942961BBC0}.Debug|Any CPU.Build.0 = Debug|Any CPU
		{31255575-3BD1-41D3-BF9F-71942961BBC0}.Release|Any CPU.ActiveCfg = Release|Any CPU
		{31255575-3BD1-41D3-BF9F-71942961BBC0}.Release|Any CPU.Build.0 = Release|Any CPU
	EndGlobalSection
	GlobalSection(SolutionProperties) = preSolution
		HideSolutionNode = FALSE
	EndGlobalSection
EndGlobal
